
Microsoft Visual Studio Solution File, Format Version 12.00
# Visual Studio Version 17
VisualStudioVersion = 17.8.34330.188
MinimumVisualStudioVersion = 10.0.40219.1
Project("{2150E333-8FDC-42A3-9474-1A3956D46DE5}") = "src", "src", "{6BF09BBF-37ED-4982-BA51-BCEFF1FC692A}"
EndProject
Project("{2150E333-8FDC-42A3-9474-1A3956D46DE5}") = "tests", "tests", "{F6748610-DC10-47C6-AF70-2D549E65C7E3}"
EndProject
Project("{9A19103F-16F7-4668-BE54-9A1E7A4F7556}") = "Subiekt.Bridge.Domain", "Subiekt.Bridge.Domain\Subiekt.Bridge.Domain.csproj", "{E999766F-77AC-4DCE-8D12-440DE9DA7B1D}"
EndProject
Project("{9A19103F-16F7-4668-BE54-9A1E7A4F7556}") = "Subiekt.Bridge.Application", "Subiekt.Bridge.Application\Subiekt.Bridge.Application.csproj", "{C7C3461E-A91C-4479-8900-D2B18278F80B}"
EndProject
Project("{9A19103F-16F7-4668-BE54-9A1E7A4F7556}") = "Subiekt.Bridge.Infrastructure.Sfera", "Subiekt.Bridge.Infrastructure.Sfera\Subiekt.Bridge.Infrastructure.Sfera.csproj", "{4EC294E1-97BC-43B7-9012-E2D6A4DBEA90}"
EndProject
Project("{9A19103F-16F7-4668-BE54-9A1E7A4F7556}") = "Subiekt.Bridge.Infrastructure.Sql", "Subiekt.Bridge.Infrastructure.Sql\Subiekt.Bridge.Infrastructure.Sql.csproj", "{06A33B72-73CC-4714-A9DD-3F7E0D81A40C}"
EndProject
Project("{9A19103F-16F7-4668-BE54-9A1E7A4F7556}") = "Subiekt.Bridge.Infrastructure.Persistence", "Subiekt.Bridge.Infrastructure.Persistence\Subiekt.Bridge.Infrastructure.Persistence.csproj", "{D5F5491C-23A7-4578-824B-A9CAD09B4E18}"
EndProject
Project("{9A19103F-16F7-4668-BE54-9A1E7A4F7556}") = "Subiekt.Bridge.Api", "Subiekt.Bridge.Api\Subiekt.Bridge.Api.csproj", "{621C28DE-4D79-47F3-BCD3-211162EC7066}"
EndProject
Project("{9A19103F-16F7-4668-BE54-9A1E7A4F7556}") = "Subiekt.Bridge.Domain.Tests", "tests\Subiekt.Bridge.Domain.Tests\Subiekt.Bridge.Domain.Tests.csproj", "{3B252286-1D72-48A2-860A-441EC3A30EA8}"
EndProject
Project("{9A19103F-16F7-4668-BE54-9A1E7A4F7556}") = "Subiekt.Bridge.Application.Tests", "tests\Subiekt.Bridge.Application.Tests\Subiekt.Bridge.Application.Tests.csproj", "{DEC3550B-2D64-4079-A253-959C784FF376}"
EndProject
Project("{9A19103F-16F7-4668-BE54-9A1E7A4F7556}") = "Subiekt.Bridge.Architecture.Tests", "tests\Subiekt.Bridge.Architecture.Tests\Subiekt.Bridge.Architecture.Tests.csproj", "{B12CBFE6-34F6-4E97-8C3F-09FAAA7A3C19}"
EndProject
Project("{FAE04EC0-301F-11D3-BF4B-00C04F79EFBC}") = "Subiekt.Bridge.Api.Tests", "tests\Subiekt.Bridge.Api.Tests\Subiekt.Bridge.Api.Tests.csproj", "{D6090810-6143-4781-881A-E46F467A70E0}"
EndProject
Global
	GlobalSection(SolutionConfigurationPlatforms) = preSolution
		Debug|Any CPU = Debug|Any CPU
		Debug|x64 = Debug|x64
		Debug|x86 = Debug|x86
		Release|Any CPU = Release|Any CPU
		Release|x64 = Release|x64
		Release|x86 = Release|x86
	EndGlobalSection
	GlobalSection(ProjectConfigurationPlatforms) = postSolution
		{6BF09BBF-37ED-4982-BA51-BCEFF1FC692A}.Debug|x64.ActiveCfg = Debug|x64
		{6BF09BBF-37ED-4982-BA51-BCEFF1FC692A}.Debug|x64.Build.0 = Debug|x64
		{6BF09BBF-37ED-4982-BA51-BCEFF1FC692A}.Debug|x86.ActiveCfg = Debug|x86
		{6BF09BBF-37ED-4982-BA51-BCEFF1FC692A}.Debug|x86.Build.0 = Debug|x86
		{6BF09BBF-37ED-4982-BA51-BCEFF1FC692A}.Release|x64.ActiveCfg = Release|x64
		{6BF09BBF-37ED-4982-BA51-BCEFF1FC692A}.Release|x64.Build.0 = Release|x64
		{6BF09BBF-37ED-4982-BA51-BCEFF1FC692A}.Release|x86.ActiveCfg = Release|x86
		{6BF09BBF-37ED-4982-BA51-BCEFF1FC692A}.Release|x86.Build.0 = Release|x86
		{F6748610-DC10-47C6-AF70-2D549E65C7E3}.Debug|x64.ActiveCfg = Debug|x64
		{F6748610-DC10-47C6-AF70-2D549E65C7E3}.Debug|x64.Build.0 = Debug|x64
		{F6748610-DC10-47C6-AF70-2D549E65C7E3}.Debug|x86.ActiveCfg = Debug|x86
		{F6748610-DC10-47C6-AF70-2D549E65C7E3}.Debug|x86.Build.0 = Debug|x86
		{F6748610-DC10-47C6-AF70-2D549E65C7E3}.Release|x64.ActiveCfg = Release|x64
		{F6748610-DC10-47C6-AF70-2D549E65C7E3}.Release|x64.Build.0 = Release|x64
		{F6748610-DC10-47C6-AF70-2D549E65C7E3}.Release|x86.ActiveCfg = Release|x86
		{F6748610-DC10-47C6-AF70-2D549E65C7E3}.Release|x86.Build.0 = Release|x86
		{E999766F-77AC-4DCE-8D12-440DE9DA7B1D}.Debug|Any CPU.ActiveCfg = Debug|Any CPU
		{E999766F-77AC-4DCE-8D12-440DE9DA7B1D}.Debug|Any CPU.Build.0 = Debug|Any CPU
		{E999766F-77AC-4DCE-8D12-440DE9DA7B1D}.Debug|x64.ActiveCfg = Debug|Any CPU
		{E999766F-77AC-4DCE-8D12-440DE9DA7B1D}.Debug|x64.Build.0 = Debug|Any CPU
		{E999766F-77AC-4DCE-8D12-440DE9DA7B1D}.Debug|x86.ActiveCfg = Debug|Any CPU
		{E999766F-77AC-4DCE-8D12-440DE9DA7B1D}.Debug|x86.Build.0 = Debug|Any CPU
		{E999766F-77AC-4DCE-8D12-440DE9DA7B1D}.Release|Any CPU.ActiveCfg = Release|Any CPU
		{E999766F-77AC-4DCE-8D12-440DE9DA7B1D}.Release|Any CPU.Build.0 = Release|Any CPU
		{E999766F-77AC-4DCE-8D12-440DE9DA7B1D}.Release|x64.ActiveCfg = Release|Any CPU
		{E999766F-77AC-4DCE-8D12-440DE9DA7B1D}.Release|x64.Build.0 = Release|Any CPU
		{E999766F-77AC-4DCE-8D12-440DE9DA7B1D}.Release|x86.ActiveCfg = Release|Any CPU
		{E999766F-77AC-4DCE-8D12-440DE9DA7B1D}.Release|x86.Build.0 = Release|Any CPU
		{C7C3461E-A91C-4479-8900-D2B18278F80B}.Debug|Any CPU.ActiveCfg = Debug|Any CPU
		{C7C3461E-A91C-4479-8900-D2B18278F80B}.Debug|Any CPU.Build.0 = Debug|Any CPU
		{C7C3461E-A91C-4479-8900-D2B18278F80B}.Debug|x64.ActiveCfg = Debug|Any CPU
		{C7C3461E-A91C-4479-8900-D2B18278F80B}.Debug|x64.Build.0 = Debug|Any CPU
		{C7C3461E-A91C-4479-8900-D2B18278F80B}.Debug|x86.ActiveCfg = Debug|Any CPU
		{C7C3461E-A91C-4479-8900-D2B18278F80B}.Debug|x86.Build.0 = Debug|Any CPU
		{C7C3461E-A91C-4479-8900-D2B18278F80B}.Release|Any CPU.ActiveCfg = Release|Any CPU
		{C7C3461E-A91C-4479-8900-D2B18278F80B}.Release|Any CPU.Build.0 = Release|Any CPU
		{C7C3461E-A91C-4479-8900-D2B18278F80B}.Release|x64.ActiveCfg = Release|Any CPU
		{C7C3461E-A91C-4479-8900-D2B18278F80B}.Release|x64.Build.0 = Release|Any CPU
		{C7C3461E-A91C-4479-8900-D2B18278F80B}.Release|x86.ActiveCfg = Release|Any CPU
		{C7C3461E-A91C-4479-8900-D2B18278F80B}.Release|x86.Build.0 = Release|Any CPU
		{4EC294E1-97BC-43B7-9012-E2D6A4DBEA90}.Debug|Any CPU.ActiveCfg = Debug|Any CPU
		{4EC294E1-97BC-43B7-9012-E2D6A4DBEA90}.Debug|Any CPU.Build.0 = Debug|Any CPU
		{4EC294E1-97BC-43B7-9012-E2D6A4DBEA90}.Debug|x64.ActiveCfg = Debug|Any CPU
		{4EC294E1-97BC-43B7-9012-E2D6A4DBEA90}.Debug|x64.Build.0 = Debug|Any CPU
		{4EC294E1-97BC-43B7-9012-E2D6A4DBEA90}.Debug|x86.ActiveCfg = Debug|Any CPU
		{4EC294E1-97BC-43B7-9012-E2D6A4DBEA90}.Debug|x86.Build.0 = Debug|Any CPU
		{4EC294E1-97BC-43B7-9012-E2D6A4DBEA90}.Release|Any CPU.ActiveCfg = Release|Any CPU
		{4EC294E1-97BC-43B7-9012-E2D6A4DBEA90}.Release|Any CPU.Build.0 = Release|Any CPU
		{4EC294E1-97BC-43B7-9012-E2D6A4DBEA90}.Release|x64.ActiveCfg = Release|Any CPU
		{4EC294E1-97BC-43B7-9012-E2D6A4DBEA90}.Release|x64.Build.0 = Release|Any CPU
		{4EC294E1-97BC-43B7-9012-E2D6A4DBEA90}.Release|x86.ActiveCfg = Release|Any CPU
		{4EC294E1-97BC-43B7-9012-E2D6A4DBEA90}.Release|x86.Build.0 = Release|Any CPU
		{06A33B72-73CC-4714-A9DD-3F7E0D81A40C}.Debug|Any CPU.ActiveCfg = Debug|Any CPU
		{06A33B72-73CC-4714-A9DD-3F7E0D81A40C}.Debug|Any CPU.Build.0 = Debug|Any CPU
		{06A33B72-73CC-4714-A9DD-3F7E0D81A40C}.Debug|x64.ActiveCfg = Debug|Any CPU
		{06A33B72-73CC-4714-A9DD-3F7E0D81A40C}.Debug|x64.Build.0 = Debug|Any CPU
		{06A33B72-73CC-4714-A9DD-3F7E0D81A40C}.Debug|x86.ActiveCfg = Debug|Any CPU
		{06A33B72-73CC-4714-A9DD-3F7E0D81A40C}.Debug|x86.Build.0 = Debug|Any CPU
		{06A33B72-73CC-4714-A9DD-3F7E0D81A40C}.Release|Any CPU.ActiveCfg = Release|Any CPU
		{06A33B72-73CC-4714-A9DD-3F7E0D81A40C}.Release|Any CPU.Build.0 = Release|Any CPU
		{06A33B72-73CC-4714-A9DD-3F7E0D81A40C}.Release|x64.ActiveCfg = Release|Any CPU
		{06A33B72-73CC-4714-A9DD-3F7E0D81A40C}.Release|x64.Build.0 = Release|Any CPU
		{06A33B72-73CC-4714-A9DD-3F7E0D81A40C}.Release|x86.ActiveCfg = Release|Any CPU
		{06A33B72-73CC-4714-A9DD-3F7E0D81A40C}.Release|x86.Build.0 = Release|Any CPU
		{D5F5491C-23A7-4578-824B-A9CAD09B4E18}.Debug|Any CPU.ActiveCfg = Debug|Any CPU
		{D5F5491C-23A7-4578-824B-A9CAD09B4E18}.Debug|Any CPU.Build.0 = Debug|Any CPU
		{D5F5491C-23A7-4578-824B-A9CAD09B4E18}.Debug|x64.ActiveCfg = Debug|Any CPU
		{D5F5491C-23A7-4578-824B-A9CAD09B4E18}.Debug|x64.Build.0 = Debug|Any CPU
		{D5F5491C-23A7-4578-824B-A9CAD09B4E18}.Debug|x86.ActiveCfg = Debug|Any CPU
		{D5F5491C-23A7-4578-824B-A9CAD09B4E18}.Debug|x86.Build.0 = Debug|Any CPU
		{D5F5491C-23A7-4578-824B-A9CAD09B4E18}.Release|Any CPU.ActiveCfg = Release|Any CPU
		{D5F5491C-23A7-4578-824B-A9CAD09B4E18}.Release|Any CPU.Build.0 = Release|Any CPU
		{D5F5491C-23A7-4578-824B-A9CAD09B4E18}.Release|x64.ActiveCfg = Release|Any CPU
		{D5F5491C-23A7-4578-824B-A9CAD09B4E18}.Release|x64.Build.0 = Release|Any CPU
		{D5F5491C-23A7-4578-824B-A9CAD09B4E18}.Release|x86.ActiveCfg = Release|Any CPU
		{D5F5491C-23A7-4578-824B-A9CAD09B4E18}.Release|x86.Build.0 = Release|Any CPU
		{621C28DE-4D79-47F3-BCD3-211162EC7066}.Debug|Any CPU.ActiveCfg = Debug|Any CPU
		{621C28DE-4D79-47F3-BCD3-211162EC7066}.Debug|Any CPU.Build.0 = Debug|Any CPU
		{621C28DE-4D79-47F3-BCD3-211162EC7066}.Debug|x64.ActiveCfg = Debug|Any CPU
		{621C28DE-4D79-47F3-BCD3-211162EC7066}.Debug|x64.Build.0 = Debug|Any CPU
		{621C28DE-4D79-47F3-BCD3-211162EC7066}.Debug|x86.ActiveCfg = Debug|Any CPU
		{621C28DE-4D79-47F3-BCD3-211162EC7066}.Debug|x86.Build.0 = Debug|Any CPU
		{621C28DE-4D79-47F3-BCD3-211162EC7066}.Release|Any CPU.ActiveCfg = Release|Any CPU
		{621C28DE-4D79-47F3-BCD3-211162EC7066}.Release|Any CPU.Build.0 = Release|Any CPU
		{621C28DE-4D79-47F3-BCD3-211162EC7066}.Release|x64.ActiveCfg = Release|Any CPU
		{621C28DE-4D79-47F3-BCD3-211162EC7066}.Release|x64.Build.0 = Release|Any CPU
		{621C28DE-4D79-47F3-BCD3-211162EC7066}.Release|x86.ActiveCfg = Release|Any CPU
		{621C28DE-4D79-47F3-BCD3-211162EC7066}.Release|x86.Build.0 = Release|Any CPU
		{3B252286-1D72-48A2-860A-441EC3A30EA8}.Debug|Any CPU.ActiveCfg = Debug|Any CPU
		{3B252286-1D72-48A2-860A-441EC3A30EA8}.Debug|Any CPU.Build.0 = Debug|Any CPU
		{3B252286-1D72-48A2-860A-441EC3A30EA8}.Debug|x64.ActiveCfg = Debug|Any CPU
		{3B252286-1D72-48A2-860A-441EC3A30EA8}.Debug|x64.Build.0 = Debug|Any CPU
		{3B252286-1D72-48A2-860A-441EC3A30EA8}.Debug|x86.ActiveCfg = Debug|Any CPU
		{3B252286-1D72-48A2-860A-441EC3A30EA8}.Debug|x86.Build.0 = Debug|Any CPU
		{3B252286-1D72-48A2-860A-441EC3A30EA8}.Release|Any CPU.ActiveCfg = Release|Any CPU
		{3B252286-1D72-48A2-860A-441EC3A30EA8}.Release|Any CPU.Build.0 = Release|Any CPU
		{3B252286-1D72-48A2-860A-441EC3A30EA8}.Release|x64.ActiveCfg = Release|Any CPU
		{3B252286-1D72-48A2-860A-441EC3A30EA8}.Release|x64.Build.0 = Release|Any CPU
		{3B252286-1D72-48A2-860A-441EC3A30EA8}.Release|x86.ActiveCfg = Release|Any CPU
		{3B252286-1D72-48A2-860A-441EC3A30EA8}.Release|x86.Build.0 = Release|Any CPU
		{DEC3550B-2D64-4079-A253-959C784FF376}.Debug|Any CPU.ActiveCfg = Debug|Any CPU
		{DEC3550B-2D64-4079-A253-959C784FF376}.Debug|Any CPU.Build.0 = Debug|Any CPU
		{DEC3550B-2D64-4079-A253-959C784FF376}.Debug|x64.ActiveCfg = Debug|Any CPU
		{DEC3550B-2D64-4079-A253-959C784FF376}.Debug|x64.Build.0 = Debug|Any CPU
		{DEC3550B-2D64-4079-A253-959C784FF376}.Debug|x86.ActiveCfg = Debug|Any CPU
		{DEC3550B-2D64-4079-A253-959C784FF376}.Debug|x86.Build.0 = Debug|Any CPU
		{DEC3550B-2D64-4079-A253-959C784FF376}.Release|Any CPU.ActiveCfg = Release|Any CPU
		{DEC3550B-2D64-4079-A253-959C784FF376}.Release|Any CPU.Build.0 = Release|Any CPU
		{DEC3550B-2D64-4079-A253-959C784FF376}.Release|x64.ActiveCfg = Release|Any CPU
		{DEC3550B-2D64-4079-A253-959C784FF376}.Release|x64.Build.0 = Release|Any CPU
		{DEC3550B-2D64-4079-A253-959C784FF376}.Release|x86.ActiveCfg = Release|Any CPU
		{DEC3550B-2D64-4079-A253-959C784FF376}.Release|x86.Build.0 = Release|Any CPU
		{B12CBFE6-34F6-4E97-8C3F-09FAAA7A3C19}.Debug|Any CPU.ActiveCfg = Debug|Any CPU
		{B12CBFE6-34F6-4E97-8C3F-09FAAA7A3C19}.Debug|Any CPU.Build.0 = Debug|Any CPU
		{B12CBFE6-34F6-4E97-8C3F-09FAAA7A3C19}.Debug|x64.ActiveCfg = Debug|Any CPU
		{B12CBFE6-34F6-4E97-8C3F-09FAAA7A3C19}.Debug|x64.Build.0 = Debug|Any CPU
		{B12CBFE6-34F6-4E97-8C3F-09FAAA7A3C19}.Debug|x86.ActiveCfg = Debug|Any CPU
		{B12CBFE6-34F6-4E97-8C3F-09FAAA7A3C19}.Debug|x86.Build.0 = Debug|Any CPU
		{B12CBFE6-34F6-4E97-8C3F-09FAAA7A3C19}.Release|Any CPU.ActiveCfg = Release|Any CPU
		{B12CBFE6-34F6-4E97-8C3F-09FAAA7A3C19}.Release|Any CPU.Build.0 = Release|Any CPU
		{B12CBFE6-34F6-4E97-8C3F-09FAAA7A3C19}.Release|x64.ActiveCfg = Release|Any CPU
		{B12CBFE6-34F6-4E97-8C3F-09FAAA7A3C19}.Release|x64.Build.0 = Release|Any CPU
		{B12CBFE6-34F6-4E97-8C3F-09FAAA7A3C19}.Release|x86.ActiveCfg = Release|Any CPU
		{B12CBFE6-34F6-4E97-8C3F-09FAAA7A3C19}.Release|x86.Build.0 = Release|Any CPU
		{D6090810-6143-4781-881A-E46F467A70E0}.Debug|Any CPU.ActiveCfg = Debug|Any CPU
		{D6090810-6143-4781-881A-E46F467A70E0}.Debug|Any CPU.Build.0 = Debug|Any CPU
		{D6090810-6143-4781-881A-E46F467A70E0}.Debug|x64.ActiveCfg = Debug|Any CPU
		{D6090810-6143-4781-881A-E46F467A70E0}.Debug|x64.Build.0 = Debug|Any CPU
		{D6090810-6143-4781-881A-E46F467A70E0}.Debug|x86.ActiveCfg = Debug|Any CPU
		{D6090810-6143-4781-881A-E46F467A70E0}.Debug|x86.Build.0 = Debug|Any CPU
		{D6090810-6143-4781-881A-E46F467A70E0}.Release|Any CPU.ActiveCfg = Release|Any CPU
		{D6090810-6143-4781-881A-E46F467A70E0}.Release|Any CPU.Build.0 = Release|Any CPU
		{D6090810-6143-4781-881A-E46F467A70E0}.Release|x64.ActiveCfg = Release|Any CPU
		{D6090810-6143-4781-881A-E46F467A70E0}.Release|x64.Build.0 = Release|Any CPU
		{D6090810-6143-4781-881A-E46F467A70E0}.Release|x86.ActiveCfg = Release|Any CPU
		{D6090810-6143-4781-881A-E46F467A70E0}.Release|x86.Build.0 = Release|Any CPU
	EndGlobalSection
	GlobalSection(SolutionProperties) = preSolution
		HideSolutionNode = FALSE
	EndGlobalSection
	GlobalSection(NestedProjects) = preSolution
		{E999766F-77AC-4DCE-8D12-440DE9DA7B1D} = {6BF09BBF-37ED-4982-BA51-BCEFF1FC692A}
		{C7C3461E-A91C-4479-8900-D2B18278F80B} = {6BF09BBF-37ED-4982-BA51-BCEFF1FC692A}
		{4EC294E1-97BC-43B7-9012-E2D6A4DBEA90} = {6BF09BBF-37ED-4982-BA51-BCEFF1FC692A}
		{06A33B72-73CC-4714-A9DD-3F7E0D81A40C} = {6BF09BBF-37ED-4982-BA51-BCEFF1FC692A}
		{D5F5491C-23A7-4578-824B-A9CAD09B4E18} = {6BF09BBF-37ED-4982-BA51-BCEFF1FC692A}
		{621C28DE-4D79-47F3-BCD3-211162EC7066} = {6BF09BBF-37ED-4982-BA51-BCEFF1FC692A}
		{3B252286-1D72-48A2-860A-441EC3A30EA8} = {F6748610-DC10-47C6-AF70-2D549E65C7E3}
		{DEC3550B-2D64-4079-A253-959C784FF376} = {F6748610-DC10-47C6-AF70-2D549E65C7E3}
		{B12CBFE6-34F6-4E97-8C3F-09FAAA7A3C19} = {F6748610-DC10-47C6-AF70-2D549E65C7E3}
		{D6090810-6143-4781-881A-E46F467A70E0} = {F6748610-DC10-47C6-AF70-2D549E65C7E3}
	EndGlobalSection
EndGlobal
